
Microsoft Visual Studio Solution File, Format Version 12.00
# Visual Studio Version 17
VisualStudioVersion = 17.0.31903.59
MinimumVisualStudioVersion = 10.0.40219.1
Project("{2150E333-8FDC-42A3-9474-1A3956D46DE8}") = "src", "src", "{827E0CD3-B72D-47B6-A68D-7590B98EB39B}"
EndProject
Project("{FAE04EC0-301F-11D3-BF4B-00C04F79EFBC}") = "PDV.Domain", "src\PDV.Domain\PDV.Domain.csproj", "{35835010-D58A-41B5-98E8-F830A27EE3B2}"
EndProject
Project("{FAE04EC0-301F-11D3-BF4B-00C04F79EFBC}") = "PDV.Application", "src\PDV.Application\PDV.Application.csproj", "{6163106B-D023-4E26-8DBE-84CB2F6744CB}"
EndProject
Project("{FAE04EC0-301F-11D3-BF4B-00C04F79EFBC}") = "PDV.Infrastructure", "src\PDV.Infrastructure\PDV.Infrastructure.csproj", "{849A9ED9-C1F7-4CEC-8221-1757A29907A0}"
EndProject
Project("{FAE04EC0-301F-11D3-BF4B-00C04F79EFBC}") = "PDV.WebUI", "src\PDV.WebUI\PDV.WebUI.csproj", "{06D93FB6-8A02-4DAF-9B5A-5B4A3A260F8D}"
EndProject
Project("{FAE04EC0-301F-11D3-BF4B-00C04F79EFBC}") = "PDV.Infrastructure.Local", "src\PDV.Infrastructure.Local\PDV.Infrastructure.Local.csproj", "{C82282D8-D379-4F1C-86E2-4D7DEE391D31}"
EndProject
Project("{FAE04EC0-301F-11D3-BF4B-00C04F79EFBC}") = "PDV.Infrastructure.Server", "src\PDV.Infrastructure.Server\PDV.Infrastructure.Server.csproj", "{178755A7-94BB-4D7A-93A8-2640D4DE5796}"
EndProject
Project("{FAE04EC0-301F-11D3-BF4B-00C04F79EFBC}") = "PDV.HardwareAgent", "src\PDV.HardwareAgent\PDV.HardwareAgent.csproj", "{47FBB187-FE52-4497-B71B-EE04140DBD03}"
EndProject
Global
	GlobalSection(SolutionConfigurationPlatforms) = preSolution
		Debug|Any CPU = Debug|Any CPU
		Debug|x64 = Debug|x64
		Debug|x86 = Debug|x86
		Release|Any CPU = Release|Any CPU
		Release|x64 = Release|x64
		Release|x86 = Release|x86
	EndGlobalSection
	GlobalSection(ProjectConfigurationPlatforms) = postSolution
		{35835010-D58A-41B5-98E8-F830A27EE3B2}.Debug|Any CPU.ActiveCfg = Debug|Any CPU
		{35835010-D58A-41B5-98E8-F830A27EE3B2}.Debug|Any CPU.Build.0 = Debug|Any CPU
		{35835010-D58A-41B5-98E8-F830A27EE3B2}.Debug|x64.ActiveCfg = Debug|Any CPU
		{35835010-D58A-41B5-98E8-F830A27EE3B2}.Debug|x64.Build.0 = Debug|Any CPU
		{35835010-D58A-41B5-98E8-F830A27EE3B2}.Debug|x86.ActiveCfg = Debug|Any CPU
		{35835010-D58A-41B5-98E8-F830A27EE3B2}.Debug|x86.Build.0 = Debug|Any CPU
		{35835010-D58A-41B5-98E8-F830A27EE3B2}.Release|Any CPU.ActiveCfg = Release|Any CPU
		{35835010-D58A-41B5-98E8-F830A27EE3B2}.Release|Any CPU.Build.0 = Release|Any CPU
		{35835010-D58A-41B5-98E8-F830A27EE3B2}.Release|x64.ActiveCfg = Release|Any CPU
		{35835010-D58A-41B5-98E8-F830A27EE3B2}.Release|x64.Build.0 = Release|Any CPU
		{35835010-D58A-41B5-98E8-F830A27EE3B2}.Release|x86.ActiveCfg = Release|Any CPU
		{35835010-D58A-41B5-98E8-F830A27EE3B2}.Release|x86.Build.0 = Release|Any CPU
		{6163106B-D023-4E26-8DBE-84CB2F6744CB}.Debug|Any CPU.ActiveCfg = Debug|Any CPU
		{6163106B-D023-4E26-8DBE-84CB2F6744CB}.Debug|Any CPU.Build.0 = Debug|Any CPU
		{6163106B-D023-4E26-8DBE-84CB2F6744CB}.Debug|x64.ActiveCfg = Debug|Any CPU
		{6163106B-D023-4E26-8DBE-84CB2F6744CB}.Debug|x64.Build.0 = Debug|Any CPU
		{6163106B-D023-4E26-8DBE-84CB2F6744CB}.Debug|x86.ActiveCfg = Debug|Any CPU
		{6163106B-D023-4E26-8DBE-84CB2F6744CB}.Debug|x86.Build.0 = Debug|Any CPU
		{6163106B-D023-4E26-8DBE-84CB2F6744CB}.Release|Any CPU.ActiveCfg = Release|Any CPU
		{6163106B-D023-4E26-8DBE-84CB2F6744CB}.Release|Any CPU.Build.0 = Release|Any CPU
		{6163106B-D023-4E26-8DBE-84CB2F6744CB}.Release|x64.ActiveCfg = Release|Any CPU
		{6163106B-D023-4E26-8DBE-84CB2F6744CB}.Release|x64.Build.0 = Release|Any CPU
		{6163106B-D023-4E26-8DBE-84CB2F6744CB}.Release|x86.ActiveCfg = Release|Any CPU
		{6163106B-D023-4E26-8DBE-84CB2F6744CB}.Release|x86.Build.0 = Release|Any CPU
		{849A9ED9-C1F7-4CEC-8221-1757A29907A0}.Debug|Any CPU.ActiveCfg = Debug|Any CPU
		{849A9ED9-C1F7-4CEC-8221-1757A29907A0}.Debug|Any CPU.Build.0 = Debug|Any CPU
		{849A9ED9-C1F7-4CEC-8221-1757A29907A0}.Debug|x64.ActiveCfg = Debug|Any CPU
		{849A9ED9-C1F7-4CEC-8221-1757A29907A0}.Debug|x64.Build.0 = Debug|Any CPU
		{849A9ED9-C1F7-4CEC-8221-1757A29907A0}.Debug|x86.ActiveCfg = Debug|Any CPU
		{849A9ED9-C1F7-4CEC-8221-1757A29907A0}.Debug|x86.Build.0 = Debug|Any CPU
		{849A9ED9-C1F7-4CEC-8221-1757A29907A0}.Release|Any CPU.ActiveCfg = Release|Any CPU
		{849A9ED9-C1F7-4CEC-8221-1757A29907A0}.Release|Any CPU.Build.0 = Release|Any CPU
		{849A9ED9-C1F7-4CEC-8221-1757A29907A0}.Release|x64.ActiveCfg = Release|Any CPU
		{849A9ED9-C1F7-4CEC-8221-1757A29907A0}.Release|x64.Build.0 = Release|Any CPU
		{849A9ED9-C1F7-4CEC-8221-1757A29907A0}.Release|x86.ActiveCfg = Release|Any CPU
		{849A9ED9-C1F7-4CEC-8221-1757A29907A0}.Release|x86.Build.0 = Release|Any CPU
		{06D93FB6-8A02-4DAF-9B5A-5B4A3A260F8D}.Debug|Any CPU.ActiveCfg = Debug|Any CPU
		{06D93FB6-8A02-4DAF-9B5A-5B4A3A260F8D}.Debug|Any CPU.Build.0 = Debug|Any CPU
		{06D93FB6-8A02-4DAF-9B5A-5B4A3A260F8D}.Debug|x64.ActiveCfg = Debug|Any CPU
		{06D93FB6-8A02-4DAF-9B5A-5B4A3A260F8D}.Debug|x64.Build.0 = Debug|Any CPU
		{06D93FB6-8A02-4DAF-9B5A-5B4A3A260F8D}.Debug|x86.ActiveCfg = Debug|Any CPU
		{06D93FB6-8A02-4DAF-9B5A-5B4A3A260F8D}.Debug|x86.Build.0 = Debug|Any CPU
		{06D93FB6-8A02-4DAF-9B5A-5B4A3A260F8D}.Release|Any CPU.ActiveCfg = Release|Any CPU
		{06D93FB6-8A02-4DAF-9B5A-5B4A3A260F8D}.Release|Any CPU.Build.0 = Release|Any CPU
		{06D93FB6-8A02-4DAF-9B5A-5B4A3A260F8D}.Release|x64.ActiveCfg = Release|Any CPU
		{06D93FB6-8A02-4DAF-9B5A-5B4A3A260F8D}.Release|x64.Build.0 = Release|Any CPU
		{06D93FB6-8A02-4DAF-9B5A-5B4A3A260F8D}.Release|x86.ActiveCfg = Release|Any CPU
		{06D93FB6-8A02-4DAF-9B5A-5B4A3A260F8D}.Release|x86.Build.0 = Release|Any CPU
		{C82282D8-D379-4F1C-86E2-4D7DEE391D31}.Debug|Any CPU.ActiveCfg = Debug|Any CPU
		{C82282D8-D379-4F1C-86E2-4D7DEE391D31}.Debug|Any CPU.Build.0 = Debug|Any CPU
		{C82282D8-D379-4F1C-86E2-4D7DEE391D31}.Debug|x64.ActiveCfg = Debug|Any CPU
		{C82282D8-D379-4F1C-86E2-4D7DEE391D31}.Debug|x64.Build.0 = Debug|Any CPU
		{C82282D8-D379-4F1C-86E2-4D7DEE391D31}.Debug|x86.ActiveCfg = Debug|Any CPU
		{C82282D8-D379-4F1C-86E2-4D7DEE391D31}.Debug|x86.Build.0 = Debug|Any CPU
		{C82282D8-D379-4F1C-86E2-4D7DEE391D31}.Release|Any CPU.ActiveCfg = Release|Any CPU
		{C82282D8-D379-4F1C-86E2-4D7DEE391D31}.Release|Any CPU.Build.0 = Release|Any CPU
		{C82282D8-D379-4F1C-86E2-4D7DEE391D31}.Release|x64.ActiveCfg = Release|Any CPU
		{C82282D8-D379-4F1C-86E2-4D7DEE391D31}.Release|x64.Build.0 = Release|Any CPU
		{C82282D8-D379-4F1C-86E2-4D7DEE391D31}.Release|x86.ActiveCfg = Release|Any CPU
		{C82282D8-D379-4F1C-86E2-4D7DEE391D31}.Release|x86.Build.0 = Release|Any CPU
		{178755A7-94BB-4D7A-93A8-2640D4DE5796}.Debug|Any CPU.ActiveCfg = Debug|Any CPU
		{178755A7-94BB-4D7A-93A8-2640D4DE5796}.Debug|Any CPU.Build.0 = Debug|Any CPU
		{178755A7-94BB-4D7A-93A8-2640D4DE5796}.Debug|x64.ActiveCfg = Debug|Any CPU
		{178755A7-94BB-4D7A-93A8-2640D4DE5796}.Debug|x64.Build.0 = Debug|Any CPU
		{178755A7-94BB-4D7A-93A8-2640D4DE5796}.Debug|x86.ActiveCfg = Debug|Any CPU
		{178755A7-94BB-4D7A-93A8-2640D4DE5796}.Debug|x86.Build.0 = Debug|Any CPU
		{178755A7-94BB-4D7A-93A8-2640D4DE5796}.Release|Any CPU.ActiveCfg = Release|Any CPU
		{178755A7-94BB-4D7A-93A8-2640D4DE5796}.Release|Any CPU.Build.0 = Release|Any CPU
		{178755A7-94BB-4D7A-93A8-2640D4DE5796}.Release|x64.ActiveCfg = Release|Any CPU
		{178755A7-94BB-4D7A-93A8-2640D4DE5796}.Release|x64.Build.0 = Release|Any CPU
		{178755A7-94BB-4D7A-93A8-2640D4DE5796}.Release|x86.ActiveCfg = Release|Any CPU
		{178755A7-94BB-4D7A-93A8-2640D4DE5796}.Release|x86.Build.0 = Release|Any CPU
		{47FBB187-FE52-4497-B71B-EE04140DBD03}.Debug|Any CPU.ActiveCfg = Debug|Any CPU
		{47FBB187-FE52-4497-B71B-EE04140DBD03}.Debug|Any CPU.Build.0 = Debug|Any CPU
		{47FBB187-FE52-4497-B71B-EE04140DBD03}.Debug|x64.ActiveCfg = Debug|Any CPU
		{47FBB187-FE52-4497-B71B-EE04140DBD03}.Debug|x64.Build.0 = Debug|Any CPU
		{47FBB187-FE52-4497-B71B-EE04140DBD03}.Debug|x86.ActiveCfg = Debug|Any CPU
		{47FBB187-FE52-4497-B71B-EE04140DBD03}.Debug|x86.Build.0 = Debug|Any CPU
		{47FBB187-FE52-4497-B71B-EE04140DBD03}.Release|Any CPU.ActiveCfg = Release|Any CPU
		{47FBB187-FE52-4497-B71B-EE04140DBD03}.Release|Any CPU.Build.0 = Release|Any CPU
		{47FBB187-FE52-4497-B71B-EE04140DBD03}.Release|x64.ActiveCfg = Release|Any CPU
		{47FBB187-FE52-4497-B71B-EE04140DBD03}.Release|x64.Build.0 = Release|Any CPU
		{47FBB187-FE52-4497-B71B-EE04140DBD03}.Release|x86.ActiveCfg = Release|Any CPU
		{47FBB187-FE52-4497-B71B-EE04140DBD03}.Release|x86.Build.0 = Release|Any CPU
	EndGlobalSection
	GlobalSection(SolutionProperties) = preSolution
		HideSolutionNode = FALSE
	EndGlobalSection
	GlobalSection(NestedProjects) = preSolution
		{35835010-D58A-41B5-98E8-F830A27EE3B2} = {827E0CD3-B72D-47B6-A68D-7590B98EB39B}
		{6163106B-D023-4E26-8DBE-84CB2F6744CB} = {827E0CD3-B72D-47B6-A68D-7590B98EB39B}
		{849A9ED9-C1F7-4CEC-8221-1757A29907A0} = {827E0CD3-B72D-47B6-A68D-7590B98EB39B}
		{06D93FB6-8A02-4DAF-9B5A-5B4A3A260F8D} = {827E0CD3-B72D-47B6-A68D-7590B98EB39B}
		{C82282D8-D379-4F1C-86E2-4D7DEE391D31} = {827E0CD3-B72D-47B6-A68D-7590B98EB39B}
		{178755A7-94BB-4D7A-93A8-2640D4DE5796} = {827E0CD3-B72D-47B6-A68D-7590B98EB39B}
		{47FBB187-FE52-4497-B71B-EE04140DBD03} = {827E0CD3-B72D-47B6-A68D-7590B98EB39B}
	EndGlobalSection
EndGlobal
